
Microsoft Visual Studio Solution File, Format Version 12.00
# Visual Studio Version 17
VisualStudioVersion = 17.2.32602.215
MinimumVisualStudioVersion = 10.0.40219.1
Project("{9A19103F-16F7-4668-BE54-9A1E7A4F7556}") = "ConsoleApp", "ConsoleApp\ConsoleApp.csproj", "{8F531151-69D1-4110-97FA-19D24D7089CF}"
EndProject
Project("{9A19103F-16F7-4668-BE54-9A1E7A4F7556}") = "DelegateProj", "DelegateProj\DelegateProj.csproj", "{6E51F1F6-F207-4812-BB68-3FFA80659B8F}"
EndProject
Project("{9A19103F-16F7-4668-BE54-9A1E7A4F7556}") = "NewLib", "NewLib\NewLib.csproj", "{54F73684-F9DD-4CCC-BB53-FA668B448CC7}"
EndProject
Project("{9A19103F-16F7-4668-BE54-9A1E7A4F7556}") = "ExceptionHandling", "ExceptionHandling\ExceptionHandling.csproj", "{3DD396E7-7759-4171-B42D-863D149BD031}"
EndProject
Project("{9A19103F-16F7-4668-BE54-9A1E7A4F7556}") = "Matrix", "Matrix\Matrix.csproj", "{B41096A3-2166-4B95-8617-C7315211895E}"
EndProject
Project("{9A19103F-16F7-4668-BE54-9A1E7A4F7556}") = "HashSet", "HashSet\HashSet.csproj", "{6BA89FCF-0A9C-4E93-BC5B-12DF23D1442D}"
EndProject
Project("{9A19103F-16F7-4668-BE54-9A1E7A4F7556}") = "BitWise", "BitWise\BitWise.csproj", "{F1E8CE13-6B3F-4DA5-93C8-248116E1B441}"
EndProject
Project("{9A19103F-16F7-4668-BE54-9A1E7A4F7556}") = "test", "test\test.csproj", "{35287DC4-672D-4B6E-BB11-F5EF755FAF5B}"
EndProject
Project("{FAE04EC0-301F-11D3-BF4B-00C04F79EFBC}") = "Recursion", "Recursion\Recursion.csproj", "{5657BF91-A12F-4109-84A0-C03EAB467A02}"
EndProject
Global
	GlobalSection(SolutionConfigurationPlatforms) = preSolution
		Debug|Any CPU = Debug|Any CPU
		Release|Any CPU = Release|Any CPU
	EndGlobalSection
	GlobalSection(ProjectConfigurationPlatforms) = postSolution
		{8F531151-69D1-4110-97FA-19D24D7089CF}.Debug|Any CPU.ActiveCfg = Debug|Any CPU
		{8F531151-69D1-4110-97FA-19D24D7089CF}.Debug|Any CPU.Build.0 = Debug|Any CPU
		{8F531151-69D1-4110-97FA-19D24D7089CF}.Release|Any CPU.ActiveCfg = Release|Any CPU
		{8F531151-69D1-4110-97FA-19D24D7089CF}.Release|Any CPU.Build.0 = Release|Any CPU
		{6E51F1F6-F207-4812-BB68-3FFA80659B8F}.Debug|Any CPU.ActiveCfg = Debug|Any CPU
		{6E51F1F6-F207-4812-BB68-3FFA80659B8F}.Debug|Any CPU.Build.0 = Debug|Any CPU
		{6E51F1F6-F207-4812-BB68-3FFA80659B8F}.Release|Any CPU.ActiveCfg = Release|Any CPU
		{6E51F1F6-F207-4812-BB68-3FFA80659B8F}.Release|Any CPU.Build.0 = Release|Any CPU
		{54F73684-F9DD-4CCC-BB53-FA668B448CC7}.Debug|Any CPU.ActiveCfg = Debug|Any CPU
		{54F73684-F9DD-4CCC-BB53-FA668B448CC7}.Debug|Any CPU.Build.0 = Debug|Any CPU
		{54F73684-F9DD-4CCC-BB53-FA668B448CC7}.Release|Any CPU.ActiveCfg = Release|Any CPU
		{54F73684-F9DD-4CCC-BB53-FA668B448CC7}.Release|Any CPU.Build.0 = Release|Any CPU
		{3DD396E7-7759-4171-B42D-863D149BD031}.Debug|Any CPU.ActiveCfg = Debug|Any CPU
		{3DD396E7-7759-4171-B42D-863D149BD031}.Debug|Any CPU.Build.0 = Debug|Any CPU
		{3DD396E7-7759-4171-B42D-863D149BD031}.Release|Any CPU.ActiveCfg = Release|Any CPU
		{3DD396E7-7759-4171-B42D-863D149BD031}.Release|Any CPU.Build.0 = Release|Any CPU
		{B41096A3-2166-4B95-8617-C7315211895E}.Debug|Any CPU.ActiveCfg = Debug|Any CPU
		{B41096A3-2166-4B95-8617-C7315211895E}.Debug|Any CPU.Build.0 = Debug|Any CPU
		{B41096A3-2166-4B95-8617-C7315211895E}.Release|Any CPU.ActiveCfg = Release|Any CPU
		{B41096A3-2166-4B95-8617-C7315211895E}.Release|Any CPU.Build.0 = Release|Any CPU
		{6BA89FCF-0A9C-4E93-BC5B-12DF23D1442D}.Debug|Any CPU.ActiveCfg = Debug|Any CPU
		{6BA89FCF-0A9C-4E93-BC5B-12DF23D1442D}.Debug|Any CPU.Build.0 = Debug|Any CPU
		{6BA89FCF-0A9C-4E93-BC5B-12DF23D1442D}.Release|Any CPU.ActiveCfg = Release|Any CPU
		{6BA89FCF-0A9C-4E93-BC5B-12DF23D1442D}.Release|Any CPU.Build.0 = Release|Any CPU
		{F1E8CE13-6B3F-4DA5-93C8-248116E1B441}.Debug|Any CPU.ActiveCfg = Debug|Any CPU
		{F1E8CE13-6B3F-4DA5-93C8-248116E1B441}.Debug|Any CPU.Build.0 = Debug|Any CPU
		{F1E8CE13-6B3F-4DA5-93C8-248116E1B441}.Release|Any CPU.ActiveCfg = Release|Any CPU
		{F1E8CE13-6B3F-4DA5-93C8-248116E1B441}.Release|Any CPU.Build.0 = Release|Any CPU
		{35287DC4-672D-4B6E-BB11-F5EF755FAF5B}.Debug|Any CPU.ActiveCfg = Debug|Any CPU
		{35287DC4-672D-4B6E-BB11-F5EF755FAF5B}.Debug|Any CPU.Build.0 = Debug|Any CPU
		{35287DC4-672D-4B6E-BB11-F5EF755FAF5B}.Release|Any CPU.ActiveCfg = Release|Any CPU
		{35287DC4-672D-4B6E-BB11-F5EF755FAF5B}.Release|Any CPU.Build.0 = Release|Any CPU
		{5657BF91-A12F-4109-84A0-C03EAB467A02}.Debug|Any CPU.ActiveCfg = Debug|Any CPU
		{5657BF91-A12F-4109-84A0-C03EAB467A02}.Debug|Any CPU.Build.0 = Debug|Any CPU
		{5657BF91-A12F-4109-84A0-C03EAB467A02}.Release|Any CPU.ActiveCfg = Release|Any CPU
		{5657BF91-A12F-4109-84A0-C03EAB467A02}.Release|Any CPU.Build.0 = Release|Any CPU
	EndGlobalSection
	GlobalSection(SolutionProperties) = preSolution
		HideSolutionNode = FALSE
	EndGlobalSection
	GlobalSection(ExtensibilityGlobals) = postSolution
		SolutionGuid = {E39B9D60-0004-478F-8EB4-70A9B1484567}
	EndGlobalSection
EndGlobal
